
Microsoft Visual Studio Solution File, Format Version 12.00
# Visual Studio Version 17
VisualStudioVersion = 17.6.33829.357
MinimumVisualStudioVersion = 10.0.40219.1
Project("{FAE04EC0-301F-11D3-BF4B-00C04F79EFBC}") = "SwitchCase", "SwitchCase\SwitchCase.csproj", "{DC02AD36-8E0A-4224-A31A-694D35EBDD7C}"
EndProject
Global
	GlobalSection(SolutionConfigurationPlatforms) = preSolution
		Debug|Any CPU = Debug|Any CPU
		Release|Any CPU = Release|Any CPU
	EndGlobalSection
	GlobalSection(ProjectConfigurationPlatforms) = postSolution
		{DC02AD36-8E0A-4224-A31A-694D35EBDD7C}.Debug|Any CPU.ActiveCfg = Debug|Any CPU
		{DC02AD36-8E0A-4224-A31A-694D35EBDD7C}.Debug|Any CPU.Build.0 = Debug|Any CPU
		{DC02AD36-8E0A-4224-A31A-694D35EBDD7C}.Release|Any CPU.ActiveCfg = Release|Any CPU
		{DC02AD36-8E0A-4224-A31A-694D35EBDD7C}.Release|Any CPU.Build.0 = Release|Any CPU
	EndGlobalSection
	GlobalSection(SolutionProperties) = preSolution
		HideSolutionNode = FALSE
	EndGlobalSection
	GlobalSection(ExtensibilityGlobals) = postSolution
		SolutionGuid = {67AF8FAD-3671-48C6-9659-9C4C0088E2A0}
	EndGlobalSection
EndGlobal
